
Microsoft Visual Studio Solution File, Format Version 12.00
# Visual Studio Version 16
VisualStudioVersion = 16.0.29411.108
MinimumVisualStudioVersion = 10.0.40219.1
Project("{FAE04EC0-301F-11D3-BF4B-00C04F79EFBC}") = "Bridgemont", "Bridgemont\Bridgemont.csproj", "{F379021F-D6B6-45BD-AD5A-0E8B9386A9A6}"
EndProject
Global
	GlobalSection(SolutionConfigurationPlatforms) = preSolution
		Debug|Any CPU = Debug|Any CPU
		Release|Any CPU = Release|Any CPU
	EndGlobalSection
	GlobalSection(ProjectConfigurationPlatforms) = postSolution
		{F379021F-D6B6-45BD-AD5A-0E8B9386A9A6}.Debug|Any CPU.ActiveCfg = Debug|Any CPU
		{F379021F-D6B6-45BD-AD5A-0E8B9386A9A6}.Debug|Any CPU.Build.0 = Debug|Any CPU
		{F379021F-D6B6-45BD-AD5A-0E8B9386A9A6}.Release|Any CPU.ActiveCfg = Release|Any CPU
		{F379021F-D6B6-45BD-AD5A-0E8B9386A9A6}.Release|Any CPU.Build.0 = Release|Any CPU
	EndGlobalSection
	GlobalSection(SolutionProperties) = preSolution
		HideSolutionNode = FALSE
	EndGlobalSection
	GlobalSection(ExtensibilityGlobals) = postSolution
		SolutionGuid = {F70B45DF-A619-4332-9AB2-15BCB821302E}
	EndGlobalSection
EndGlobal
